
Microsoft Visual Studio Solution File, Format Version 12.00
# Visual Studio Version 16
VisualStudioVersion = 16.0.30804.86
MinimumVisualStudioVersion = 10.0.40219.1
Project("{2150E333-8FDC-42A3-9474-1A3956D46DE8}") = "src", "src", "{2A46F6E6-4BB8-43C6-83EE-7A2D8C0FEFDC}"
	ProjectSection(SolutionItems) = preProject
		leame.txt = leame.txt
	EndProjectSection
EndProject
Project("{2150E333-8FDC-42A3-9474-1A3956D46DE8}") = "catalog", "catalog", "{F6A7BA74-E456-43CC-94E3-DB8C3A81F4C9}"
EndProject
Project("{9A19103F-16F7-4668-BE54-9A1E7A4F7556}") = "catalog.api", "src\catalog\catalog.api\catalog.api.csproj", "{FFD6FAAB-2105-46F3-867D-AA476DC82969}"
EndProject
Project("{9A19103F-16F7-4668-BE54-9A1E7A4F7556}") = "catalog.domain", "src\catalog\catalog.domain\catalog.domain.csproj", "{DDBF10C5-221A-4C07-A7DB-656D64FF9DF6}"
EndProject
Project("{9A19103F-16F7-4668-BE54-9A1E7A4F7556}") = "catalog.data", "src\catalog\catalog.data\catalog.data.csproj", "{88F89D16-85BC-4D81-8A26-C18ACF831F0C}"
EndProject
Project("{9A19103F-16F7-4668-BE54-9A1E7A4F7556}") = "catalog.application", "src\catalog\catalog.application\catalog.application.csproj", "{18824671-7F5F-4A0F-8A7C-066DA6ADABAA}"
EndProject
Project("{9A19103F-16F7-4668-BE54-9A1E7A4F7556}") = "catalog.infra.IoC", "src\catalog\catalog.infra.IoC\catalog.infra.IoC.csproj", "{364AAE1C-039F-48D9-86A5-29634D434C4A}"
EndProject
Project("{E53339B2-1760-4266-BCC7-CA923CBCF16C}") = "docker-compose", "docker-compose.dcproj", "{891D74E7-0DC8-4613-A867-02DB0F3CC3BF}"
EndProject
Global
	GlobalSection(SolutionConfigurationPlatforms) = preSolution
		Debug|Any CPU = Debug|Any CPU
		Release|Any CPU = Release|Any CPU
	EndGlobalSection
	GlobalSection(ProjectConfigurationPlatforms) = postSolution
		{FFD6FAAB-2105-46F3-867D-AA476DC82969}.Debug|Any CPU.ActiveCfg = Debug|Any CPU
		{FFD6FAAB-2105-46F3-867D-AA476DC82969}.Debug|Any CPU.Build.0 = Debug|Any CPU
		{FFD6FAAB-2105-46F3-867D-AA476DC82969}.Release|Any CPU.ActiveCfg = Release|Any CPU
		{FFD6FAAB-2105-46F3-867D-AA476DC82969}.Release|Any CPU.Build.0 = Release|Any CPU
		{DDBF10C5-221A-4C07-A7DB-656D64FF9DF6}.Debug|Any CPU.ActiveCfg = Debug|Any CPU
		{DDBF10C5-221A-4C07-A7DB-656D64FF9DF6}.Debug|Any CPU.Build.0 = Debug|Any CPU
		{DDBF10C5-221A-4C07-A7DB-656D64FF9DF6}.Release|Any CPU.ActiveCfg = Release|Any CPU
		{DDBF10C5-221A-4C07-A7DB-656D64FF9DF6}.Release|Any CPU.Build.0 = Release|Any CPU
		{88F89D16-85BC-4D81-8A26-C18ACF831F0C}.Debug|Any CPU.ActiveCfg = Debug|Any CPU
		{88F89D16-85BC-4D81-8A26-C18ACF831F0C}.Debug|Any CPU.Build.0 = Debug|Any CPU
		{88F89D16-85BC-4D81-8A26-C18ACF831F0C}.Release|Any CPU.ActiveCfg = Release|Any CPU
		{88F89D16-85BC-4D81-8A26-C18ACF831F0C}.Release|Any CPU.Build.0 = Release|Any CPU
		{18824671-7F5F-4A0F-8A7C-066DA6ADABAA}.Debug|Any CPU.ActiveCfg = Debug|Any CPU
		{18824671-7F5F-4A0F-8A7C-066DA6ADABAA}.Debug|Any CPU.Build.0 = Debug|Any CPU
		{18824671-7F5F-4A0F-8A7C-066DA6ADABAA}.Release|Any CPU.ActiveCfg = Release|Any CPU
		{18824671-7F5F-4A0F-8A7C-066DA6ADABAA}.Release|Any CPU.Build.0 = Release|Any CPU
		{364AAE1C-039F-48D9-86A5-29634D434C4A}.Debug|Any CPU.ActiveCfg = Debug|Any CPU
		{364AAE1C-039F-48D9-86A5-29634D434C4A}.Debug|Any CPU.Build.0 = Debug|Any CPU
		{364AAE1C-039F-48D9-86A5-29634D434C4A}.Release|Any CPU.ActiveCfg = Release|Any CPU
		{364AAE1C-039F-48D9-86A5-29634D434C4A}.Release|Any CPU.Build.0 = Release|Any CPU
		{891D74E7-0DC8-4613-A867-02DB0F3CC3BF}.Debug|Any CPU.ActiveCfg = Debug|Any CPU
		{891D74E7-0DC8-4613-A867-02DB0F3CC3BF}.Debug|Any CPU.Build.0 = Debug|Any CPU
		{891D74E7-0DC8-4613-A867-02DB0F3CC3BF}.Release|Any CPU.ActiveCfg = Release|Any CPU
		{891D74E7-0DC8-4613-A867-02DB0F3CC3BF}.Release|Any CPU.Build.0 = Release|Any CPU
	EndGlobalSection
	GlobalSection(SolutionProperties) = preSolution
		HideSolutionNode = FALSE
	EndGlobalSection
	GlobalSection(NestedProjects) = preSolution
		{F6A7BA74-E456-43CC-94E3-DB8C3A81F4C9} = {2A46F6E6-4BB8-43C6-83EE-7A2D8C0FEFDC}
		{FFD6FAAB-2105-46F3-867D-AA476DC82969} = {F6A7BA74-E456-43CC-94E3-DB8C3A81F4C9}
		{DDBF10C5-221A-4C07-A7DB-656D64FF9DF6} = {F6A7BA74-E456-43CC-94E3-DB8C3A81F4C9}
		{88F89D16-85BC-4D81-8A26-C18ACF831F0C} = {F6A7BA74-E456-43CC-94E3-DB8C3A81F4C9}
		{18824671-7F5F-4A0F-8A7C-066DA6ADABAA} = {F6A7BA74-E456-43CC-94E3-DB8C3A81F4C9}
		{364AAE1C-039F-48D9-86A5-29634D434C4A} = {F6A7BA74-E456-43CC-94E3-DB8C3A81F4C9}
	EndGlobalSection
	GlobalSection(ExtensibilityGlobals) = postSolution
		SolutionGuid = {6CF6F4DD-9E97-44CD-9830-0CDDA0A539CF}
	EndGlobalSection
EndGlobal
