
Microsoft Visual Studio Solution File, Format Version 12.00
# Visual Studio Version 16
VisualStudioVersion = 16.0.30804.86
MinimumVisualStudioVersion = 10.0.40219.1
Project("{2150E333-8FDC-42A3-9474-1A3956D46DE8}") = "src", "src", "{2A46F6E6-4BB8-43C6-83EE-7A2D8C0FEFDC}"
	ProjectSection(SolutionItems) = preProject
		leame.txt = leame.txt
	EndProjectSection
EndProject
Project("{2150E333-8FDC-42A3-9474-1A3956D46DE8}") = "catalog", "catalog", "{F6A7BA74-E456-43CC-94E3-DB8C3A81F4C9}"
EndProject
Project("{9A19103F-16F7-4668-BE54-9A1E7A4F7556}") = "catalog.api", "src\catalog\catalog.api\catalog.api.csproj", "{FFD6FAAB-2105-46F3-867D-AA476DC82969}"
EndProject
Project("{9A19103F-16F7-4668-BE54-9A1E7A4F7556}") = "catalog.domain", "src\catalog\catalog.domain\catalog.domain.csproj", "{DDBF10C5-221A-4C07-A7DB-656D64FF9DF6}"
EndProject
Project("{9A19103F-16F7-4668-BE54-9A1E7A4F7556}") = "catalog.data", "src\catalog\catalog.data\catalog.data.csproj", "{88F89D16-85BC-4D81-8A26-C18ACF831F0C}"
EndProject
Project("{9A19103F-16F7-4668-BE54-9A1E7A4F7556}") = "catalog.application", "src\catalog\catalog.application\catalog.application.csproj", "{18824671-7F5F-4A0F-8A7C-066DA6ADABAA}"
EndProject
Project("{E53339B2-1760-4266-BCC7-CA923CBCF16C}") = "docker-compose", "docker-compose.dcproj", "{891D74E7-0DC8-4613-A867-02DB0F3CC3BF}"
EndProject
Project("{9A19103F-16F7-4668-BE54-9A1E7A4F7556}") = "basket.api", "src\basket\basket.api\basket.api.csproj", "{2F6D1244-FB38-429F-9065-40520D691BC9}"
EndProject
Project("{2150E333-8FDC-42A3-9474-1A3956D46DE8}") = "basket", "basket", "{4AF33CD9-D196-4992-AD5F-0FCA0881DA2D}"
EndProject
Project("{9A19103F-16F7-4668-BE54-9A1E7A4F7556}") = "basket.application", "src\basket\basket.application\basket.application.csproj", "{524AC17B-7447-451F-8F5C-459C416BE812}"
EndProject
Project("{9A19103F-16F7-4668-BE54-9A1E7A4F7556}") = "basket.data", "src\basket\basket.data\basket.data.csproj", "{A31EE685-59C5-4CB0-8F75-56AE6B0CD3A1}"
EndProject
Project("{9A19103F-16F7-4668-BE54-9A1E7A4F7556}") = "basket.domain", "src\basket\basket.domain\basket.domain.csproj", "{1A5431B2-9FD2-4A21-A5E6-B14C11B28A13}"
EndProject
Project("{9A19103F-16F7-4668-BE54-9A1E7A4F7556}") = "basket.IoC", "src\basket\basket.IoC\basket.IoC.csproj", "{FFC4D40B-71CD-47EE-BB9E-16443D515E28}"
EndProject
Project("{9A19103F-16F7-4668-BE54-9A1E7A4F7556}") = "catalog.IoC", "src\catalog\catalog.IoC\catalog.IoC.csproj", "{D39ED6AF-F560-450A-9041-EAC7540469BF}"
EndProject
Project("{2150E333-8FDC-42A3-9474-1A3956D46DE8}") = "infra", "infra", "{85D61279-23CE-445F-A644-1F29E949287F}"
EndProject
Project("{9A19103F-16F7-4668-BE54-9A1E7A4F7556}") = "infra.eventbus", "src\infra\infra.eventbus\infra.eventbus.csproj", "{DC256D39-AD20-4C07-9BAD-F540E7BA5E32}"
EndProject
Project("{9A19103F-16F7-4668-BE54-9A1E7A4F7556}") = "ordering.api", "src\ordering\ordering.api\ordering.api.csproj", "{F082FDDC-4AD4-4B5E-930E-55772A948079}"
EndProject
Project("{2150E333-8FDC-42A3-9474-1A3956D46DE8}") = "ordering", "ordering", "{876160C2-7C66-4D7F-93CD-DCDD03157E20}"
EndProject
Project("{9A19103F-16F7-4668-BE54-9A1E7A4F7556}") = "ordering.application", "src\ordering\ordering.application\ordering.application.csproj", "{43E2D375-BFFA-43D8-8763-57095838B4B6}"
EndProject
Project("{9A19103F-16F7-4668-BE54-9A1E7A4F7556}") = "ordering.data", "src\ordering\ordering.data\ordering.data.csproj", "{96FD56B4-5356-4C74-9F73-2CF9002D32B4}"
EndProject
Project("{9A19103F-16F7-4668-BE54-9A1E7A4F7556}") = "ordering.IoC", "src\ordering\ordering.IoC\ordering.IoC.csproj", "{8897484A-CE70-4A6C-B3B7-E69E2D3273C5}"
EndProject
Project("{9A19103F-16F7-4668-BE54-9A1E7A4F7556}") = "ordering.domain", "src\ordering\ordering.domain\ordering.domain.csproj", "{48825165-3E3B-427D-8640-C761D270FB70}"
EndProject
Project("{2150E333-8FDC-42A3-9474-1A3956D46DE8}") = "gateway", "gateway", "{F1A2EA9A-8AF2-4135-8C79-59299FBD3390}"
EndProject
Project("{9A19103F-16F7-4668-BE54-9A1E7A4F7556}") = "gateway.api", "src\gateway\gateway.api\gateway.api.csproj", "{9828C8D6-6DC2-4E72-9F95-51C51AF9E6E3}"
EndProject
Project("{2150E333-8FDC-42A3-9474-1A3956D46DE8}") = "web", "web", "{1F9E3A47-48EA-49CD-8A22-0A30558DF72A}"
EndProject
Project("{9A19103F-16F7-4668-BE54-9A1E7A4F7556}") = "web", "src\web\web.csproj", "{820451BA-39D5-404D-A17A-BA711F3A2AB3}"
EndProject
Project("{2150E333-8FDC-42A3-9474-1A3956D46DE8}") = "identity", "identity", "{A9C2C142-96C7-4F64-82C4-2FF59E00FDFA}"
EndProject
Project("{9A19103F-16F7-4668-BE54-9A1E7A4F7556}") = "identity.api", "src\identity\identity.api\identity.api.csproj", "{14698103-BD7A-4BA0-A524-DFE738869684}"
EndProject
Global
	GlobalSection(SolutionConfigurationPlatforms) = preSolution
		Debug|Any CPU = Debug|Any CPU
		Release|Any CPU = Release|Any CPU
	EndGlobalSection
	GlobalSection(ProjectConfigurationPlatforms) = postSolution
		{FFD6FAAB-2105-46F3-867D-AA476DC82969}.Debug|Any CPU.ActiveCfg = Debug|Any CPU
		{FFD6FAAB-2105-46F3-867D-AA476DC82969}.Debug|Any CPU.Build.0 = Debug|Any CPU
		{FFD6FAAB-2105-46F3-867D-AA476DC82969}.Release|Any CPU.ActiveCfg = Release|Any CPU
		{FFD6FAAB-2105-46F3-867D-AA476DC82969}.Release|Any CPU.Build.0 = Release|Any CPU
		{DDBF10C5-221A-4C07-A7DB-656D64FF9DF6}.Debug|Any CPU.ActiveCfg = Debug|Any CPU
		{DDBF10C5-221A-4C07-A7DB-656D64FF9DF6}.Debug|Any CPU.Build.0 = Debug|Any CPU
		{DDBF10C5-221A-4C07-A7DB-656D64FF9DF6}.Release|Any CPU.ActiveCfg = Release|Any CPU
		{DDBF10C5-221A-4C07-A7DB-656D64FF9DF6}.Release|Any CPU.Build.0 = Release|Any CPU
		{88F89D16-85BC-4D81-8A26-C18ACF831F0C}.Debug|Any CPU.ActiveCfg = Debug|Any CPU
		{88F89D16-85BC-4D81-8A26-C18ACF831F0C}.Debug|Any CPU.Build.0 = Debug|Any CPU
		{88F89D16-85BC-4D81-8A26-C18ACF831F0C}.Release|Any CPU.ActiveCfg = Release|Any CPU
		{88F89D16-85BC-4D81-8A26-C18ACF831F0C}.Release|Any CPU.Build.0 = Release|Any CPU
		{18824671-7F5F-4A0F-8A7C-066DA6ADABAA}.Debug|Any CPU.ActiveCfg = Debug|Any CPU
		{18824671-7F5F-4A0F-8A7C-066DA6ADABAA}.Debug|Any CPU.Build.0 = Debug|Any CPU
		{18824671-7F5F-4A0F-8A7C-066DA6ADABAA}.Release|Any CPU.ActiveCfg = Release|Any CPU
		{18824671-7F5F-4A0F-8A7C-066DA6ADABAA}.Release|Any CPU.Build.0 = Release|Any CPU
		{891D74E7-0DC8-4613-A867-02DB0F3CC3BF}.Debug|Any CPU.ActiveCfg = Debug|Any CPU
		{891D74E7-0DC8-4613-A867-02DB0F3CC3BF}.Debug|Any CPU.Build.0 = Debug|Any CPU
		{891D74E7-0DC8-4613-A867-02DB0F3CC3BF}.Release|Any CPU.ActiveCfg = Release|Any CPU
		{891D74E7-0DC8-4613-A867-02DB0F3CC3BF}.Release|Any CPU.Build.0 = Release|Any CPU
		{2F6D1244-FB38-429F-9065-40520D691BC9}.Debug|Any CPU.ActiveCfg = Debug|Any CPU
		{2F6D1244-FB38-429F-9065-40520D691BC9}.Debug|Any CPU.Build.0 = Debug|Any CPU
		{2F6D1244-FB38-429F-9065-40520D691BC9}.Release|Any CPU.ActiveCfg = Release|Any CPU
		{2F6D1244-FB38-429F-9065-40520D691BC9}.Release|Any CPU.Build.0 = Release|Any CPU
		{524AC17B-7447-451F-8F5C-459C416BE812}.Debug|Any CPU.ActiveCfg = Debug|Any CPU
		{524AC17B-7447-451F-8F5C-459C416BE812}.Debug|Any CPU.Build.0 = Debug|Any CPU
		{524AC17B-7447-451F-8F5C-459C416BE812}.Release|Any CPU.ActiveCfg = Release|Any CPU
		{524AC17B-7447-451F-8F5C-459C416BE812}.Release|Any CPU.Build.0 = Release|Any CPU
		{A31EE685-59C5-4CB0-8F75-56AE6B0CD3A1}.Debug|Any CPU.ActiveCfg = Debug|Any CPU
		{A31EE685-59C5-4CB0-8F75-56AE6B0CD3A1}.Debug|Any CPU.Build.0 = Debug|Any CPU
		{A31EE685-59C5-4CB0-8F75-56AE6B0CD3A1}.Release|Any CPU.ActiveCfg = Release|Any CPU
		{A31EE685-59C5-4CB0-8F75-56AE6B0CD3A1}.Release|Any CPU.Build.0 = Release|Any CPU
		{1A5431B2-9FD2-4A21-A5E6-B14C11B28A13}.Debug|Any CPU.ActiveCfg = Debug|Any CPU
		{1A5431B2-9FD2-4A21-A5E6-B14C11B28A13}.Debug|Any CPU.Build.0 = Debug|Any CPU
		{1A5431B2-9FD2-4A21-A5E6-B14C11B28A13}.Release|Any CPU.ActiveCfg = Release|Any CPU
		{1A5431B2-9FD2-4A21-A5E6-B14C11B28A13}.Release|Any CPU.Build.0 = Release|Any CPU
		{FFC4D40B-71CD-47EE-BB9E-16443D515E28}.Debug|Any CPU.ActiveCfg = Debug|Any CPU
		{FFC4D40B-71CD-47EE-BB9E-16443D515E28}.Debug|Any CPU.Build.0 = Debug|Any CPU
		{FFC4D40B-71CD-47EE-BB9E-16443D515E28}.Release|Any CPU.ActiveCfg = Release|Any CPU
		{FFC4D40B-71CD-47EE-BB9E-16443D515E28}.Release|Any CPU.Build.0 = Release|Any CPU
		{D39ED6AF-F560-450A-9041-EAC7540469BF}.Debug|Any CPU.ActiveCfg = Debug|Any CPU
		{D39ED6AF-F560-450A-9041-EAC7540469BF}.Debug|Any CPU.Build.0 = Debug|Any CPU
		{D39ED6AF-F560-450A-9041-EAC7540469BF}.Release|Any CPU.ActiveCfg = Release|Any CPU
		{D39ED6AF-F560-450A-9041-EAC7540469BF}.Release|Any CPU.Build.0 = Release|Any CPU
		{DC256D39-AD20-4C07-9BAD-F540E7BA5E32}.Debug|Any CPU.ActiveCfg = Debug|Any CPU
		{DC256D39-AD20-4C07-9BAD-F540E7BA5E32}.Debug|Any CPU.Build.0 = Debug|Any CPU
		{DC256D39-AD20-4C07-9BAD-F540E7BA5E32}.Release|Any CPU.ActiveCfg = Release|Any CPU
		{DC256D39-AD20-4C07-9BAD-F540E7BA5E32}.Release|Any CPU.Build.0 = Release|Any CPU
		{F082FDDC-4AD4-4B5E-930E-55772A948079}.Debug|Any CPU.ActiveCfg = Debug|Any CPU
		{F082FDDC-4AD4-4B5E-930E-55772A948079}.Debug|Any CPU.Build.0 = Debug|Any CPU
		{F082FDDC-4AD4-4B5E-930E-55772A948079}.Release|Any CPU.ActiveCfg = Release|Any CPU
		{F082FDDC-4AD4-4B5E-930E-55772A948079}.Release|Any CPU.Build.0 = Release|Any CPU
		{43E2D375-BFFA-43D8-8763-57095838B4B6}.Debug|Any CPU.ActiveCfg = Debug|Any CPU
		{43E2D375-BFFA-43D8-8763-57095838B4B6}.Debug|Any CPU.Build.0 = Debug|Any CPU
		{43E2D375-BFFA-43D8-8763-57095838B4B6}.Release|Any CPU.ActiveCfg = Release|Any CPU
		{43E2D375-BFFA-43D8-8763-57095838B4B6}.Release|Any CPU.Build.0 = Release|Any CPU
		{96FD56B4-5356-4C74-9F73-2CF9002D32B4}.Debug|Any CPU.ActiveCfg = Debug|Any CPU
		{96FD56B4-5356-4C74-9F73-2CF9002D32B4}.Debug|Any CPU.Build.0 = Debug|Any CPU
		{96FD56B4-5356-4C74-9F73-2CF9002D32B4}.Release|Any CPU.ActiveCfg = Release|Any CPU
		{96FD56B4-5356-4C74-9F73-2CF9002D32B4}.Release|Any CPU.Build.0 = Release|Any CPU
		{8897484A-CE70-4A6C-B3B7-E69E2D3273C5}.Debug|Any CPU.ActiveCfg = Debug|Any CPU
		{8897484A-CE70-4A6C-B3B7-E69E2D3273C5}.Debug|Any CPU.Build.0 = Debug|Any CPU
		{8897484A-CE70-4A6C-B3B7-E69E2D3273C5}.Release|Any CPU.ActiveCfg = Release|Any CPU
		{8897484A-CE70-4A6C-B3B7-E69E2D3273C5}.Release|Any CPU.Build.0 = Release|Any CPU
		{48825165-3E3B-427D-8640-C761D270FB70}.Debug|Any CPU.ActiveCfg = Debug|Any CPU
		{48825165-3E3B-427D-8640-C761D270FB70}.Debug|Any CPU.Build.0 = Debug|Any CPU
		{48825165-3E3B-427D-8640-C761D270FB70}.Release|Any CPU.ActiveCfg = Release|Any CPU
		{48825165-3E3B-427D-8640-C761D270FB70}.Release|Any CPU.Build.0 = Release|Any CPU
		{9828C8D6-6DC2-4E72-9F95-51C51AF9E6E3}.Debug|Any CPU.ActiveCfg = Debug|Any CPU
		{9828C8D6-6DC2-4E72-9F95-51C51AF9E6E3}.Debug|Any CPU.Build.0 = Debug|Any CPU
		{9828C8D6-6DC2-4E72-9F95-51C51AF9E6E3}.Release|Any CPU.ActiveCfg = Release|Any CPU
		{9828C8D6-6DC2-4E72-9F95-51C51AF9E6E3}.Release|Any CPU.Build.0 = Release|Any CPU
		{820451BA-39D5-404D-A17A-BA711F3A2AB3}.Debug|Any CPU.ActiveCfg = Debug|Any CPU
		{820451BA-39D5-404D-A17A-BA711F3A2AB3}.Debug|Any CPU.Build.0 = Debug|Any CPU
		{820451BA-39D5-404D-A17A-BA711F3A2AB3}.Release|Any CPU.ActiveCfg = Release|Any CPU
		{820451BA-39D5-404D-A17A-BA711F3A2AB3}.Release|Any CPU.Build.0 = Release|Any CPU
		{14698103-BD7A-4BA0-A524-DFE738869684}.Debug|Any CPU.ActiveCfg = Debug|Any CPU
		{14698103-BD7A-4BA0-A524-DFE738869684}.Debug|Any CPU.Build.0 = Debug|Any CPU
		{14698103-BD7A-4BA0-A524-DFE738869684}.Release|Any CPU.ActiveCfg = Release|Any CPU
		{14698103-BD7A-4BA0-A524-DFE738869684}.Release|Any CPU.Build.0 = Release|Any CPU
	EndGlobalSection
	GlobalSection(SolutionProperties) = preSolution
		HideSolutionNode = FALSE
	EndGlobalSection
	GlobalSection(NestedProjects) = preSolution
		{F6A7BA74-E456-43CC-94E3-DB8C3A81F4C9} = {2A46F6E6-4BB8-43C6-83EE-7A2D8C0FEFDC}
		{FFD6FAAB-2105-46F3-867D-AA476DC82969} = {F6A7BA74-E456-43CC-94E3-DB8C3A81F4C9}
		{DDBF10C5-221A-4C07-A7DB-656D64FF9DF6} = {F6A7BA74-E456-43CC-94E3-DB8C3A81F4C9}
		{88F89D16-85BC-4D81-8A26-C18ACF831F0C} = {F6A7BA74-E456-43CC-94E3-DB8C3A81F4C9}
		{18824671-7F5F-4A0F-8A7C-066DA6ADABAA} = {F6A7BA74-E456-43CC-94E3-DB8C3A81F4C9}
		{2F6D1244-FB38-429F-9065-40520D691BC9} = {4AF33CD9-D196-4992-AD5F-0FCA0881DA2D}
		{4AF33CD9-D196-4992-AD5F-0FCA0881DA2D} = {2A46F6E6-4BB8-43C6-83EE-7A2D8C0FEFDC}
		{524AC17B-7447-451F-8F5C-459C416BE812} = {4AF33CD9-D196-4992-AD5F-0FCA0881DA2D}
		{A31EE685-59C5-4CB0-8F75-56AE6B0CD3A1} = {4AF33CD9-D196-4992-AD5F-0FCA0881DA2D}
		{1A5431B2-9FD2-4A21-A5E6-B14C11B28A13} = {4AF33CD9-D196-4992-AD5F-0FCA0881DA2D}
		{FFC4D40B-71CD-47EE-BB9E-16443D515E28} = {4AF33CD9-D196-4992-AD5F-0FCA0881DA2D}
		{D39ED6AF-F560-450A-9041-EAC7540469BF} = {F6A7BA74-E456-43CC-94E3-DB8C3A81F4C9}
		{85D61279-23CE-445F-A644-1F29E949287F} = {2A46F6E6-4BB8-43C6-83EE-7A2D8C0FEFDC}
		{DC256D39-AD20-4C07-9BAD-F540E7BA5E32} = {85D61279-23CE-445F-A644-1F29E949287F}
		{F082FDDC-4AD4-4B5E-930E-55772A948079} = {876160C2-7C66-4D7F-93CD-DCDD03157E20}
		{876160C2-7C66-4D7F-93CD-DCDD03157E20} = {2A46F6E6-4BB8-43C6-83EE-7A2D8C0FEFDC}
		{43E2D375-BFFA-43D8-8763-57095838B4B6} = {876160C2-7C66-4D7F-93CD-DCDD03157E20}
		{96FD56B4-5356-4C74-9F73-2CF9002D32B4} = {876160C2-7C66-4D7F-93CD-DCDD03157E20}
		{8897484A-CE70-4A6C-B3B7-E69E2D3273C5} = {876160C2-7C66-4D7F-93CD-DCDD03157E20}
		{48825165-3E3B-427D-8640-C761D270FB70} = {876160C2-7C66-4D7F-93CD-DCDD03157E20}
		{F1A2EA9A-8AF2-4135-8C79-59299FBD3390} = {2A46F6E6-4BB8-43C6-83EE-7A2D8C0FEFDC}
		{9828C8D6-6DC2-4E72-9F95-51C51AF9E6E3} = {F1A2EA9A-8AF2-4135-8C79-59299FBD3390}
		{1F9E3A47-48EA-49CD-8A22-0A30558DF72A} = {2A46F6E6-4BB8-43C6-83EE-7A2D8C0FEFDC}
		{820451BA-39D5-404D-A17A-BA711F3A2AB3} = {1F9E3A47-48EA-49CD-8A22-0A30558DF72A}
		{A9C2C142-96C7-4F64-82C4-2FF59E00FDFA} = {2A46F6E6-4BB8-43C6-83EE-7A2D8C0FEFDC}
		{14698103-BD7A-4BA0-A524-DFE738869684} = {A9C2C142-96C7-4F64-82C4-2FF59E00FDFA}
	EndGlobalSection
	GlobalSection(ExtensibilityGlobals) = postSolution
		SolutionGuid = {6CF6F4DD-9E97-44CD-9830-0CDDA0A539CF}
	EndGlobalSection
EndGlobal
